
Microsoft Visual Studio Solution File, Format Version 12.00
# Visual Studio Version 16
VisualStudioVersion = 16.0.31402.337
MinimumVisualStudioVersion = 10.0.40219.1
Project("{9A19103F-16F7-4668-BE54-9A1E7A4F7556}") = "RabbitMQ.Publisher", "RabbitMQ\Tutorial-One\RabbitMQ.Publisher\RabbitMQ.Publisher.csproj", "{7F8D5E72-5812-47C0-AE92-9A99243231AB}"
EndProject
Project("{9A19103F-16F7-4668-BE54-9A1E7A4F7556}") = "RabbitMQ.Subscriber", "RabbitMQ\Tutorial-One\RabbitMQ.Subscriber\RabbitMQ.Subscriber.csproj", "{665D199E-CE6A-4F20-8A0D-3B1A09A594E9}"
EndProject
Project("{2150E333-8FDC-42A3-9474-1A3956D46DE8}") = "Tutorial-One", "Tutorial-One", "{5F498883-F84B-42B9-96FA-FD5E85464D13}"
EndProject
Project("{9A19103F-16F7-4668-BE54-9A1E7A4F7556}") = "Shared", "RabbitMQ\Shared\Shared.csproj", "{F6E4D11B-8454-4ED4-AEDD-0F08AE519069}"
EndProject
Project("{2150E333-8FDC-42A3-9474-1A3956D46DE8}") = "Tutorial-Two", "Tutorial-Two", "{58E14221-EC55-4030-B96F-EDE9BCA157CC}"
EndProject
Project("{9A19103F-16F7-4668-BE54-9A1E7A4F7556}") = "RabbitMQ.WaterMarkWeb", "RabbitMQ\Tutorial-Two\RabbitMQ.WaterMarkWeb\RabbitMQ.WaterMarkWeb.csproj", "{02A2342B-9319-4B9B-A9AC-2AA7DCF533CB}"
EndProject
Project("{2150E333-8FDC-42A3-9474-1A3956D46DE8}") = "Tutorial-Three", "Tutorial-Three", "{D9081C72-50B0-41D0-8919-471F509FA07A}"
EndProject
Project("{9A19103F-16F7-4668-BE54-9A1E7A4F7556}") = "RabbitMQ.ExcelCreate", "RabbitMQ\Tutorial-Three\RabbitMQ.ExcelCreate\RabbitMQ.ExcelCreate.csproj", "{08D2C5AE-DB74-4D66-A16E-80BD33366145}"
EndProject
Project("{FAE04EC0-301F-11D3-BF4B-00C04F79EFBC}") = "FileCreateWorkerService", "RabbitMQ\Tutorial-Three\FileCreateWorkerService\FileCreateWorkerService.csproj", "{762399A9-774B-4780-9577-BFF8C79BA396}"
EndProject
Global
	GlobalSection(SolutionConfigurationPlatforms) = preSolution
		Debug|Any CPU = Debug|Any CPU
		Release|Any CPU = Release|Any CPU
	EndGlobalSection
	GlobalSection(ProjectConfigurationPlatforms) = postSolution
		{7F8D5E72-5812-47C0-AE92-9A99243231AB}.Debug|Any CPU.ActiveCfg = Debug|Any CPU
		{7F8D5E72-5812-47C0-AE92-9A99243231AB}.Debug|Any CPU.Build.0 = Debug|Any CPU
		{7F8D5E72-5812-47C0-AE92-9A99243231AB}.Release|Any CPU.ActiveCfg = Release|Any CPU
		{7F8D5E72-5812-47C0-AE92-9A99243231AB}.Release|Any CPU.Build.0 = Release|Any CPU
		{665D199E-CE6A-4F20-8A0D-3B1A09A594E9}.Debug|Any CPU.ActiveCfg = Debug|Any CPU
		{665D199E-CE6A-4F20-8A0D-3B1A09A594E9}.Debug|Any CPU.Build.0 = Debug|Any CPU
		{665D199E-CE6A-4F20-8A0D-3B1A09A594E9}.Release|Any CPU.ActiveCfg = Release|Any CPU
		{665D199E-CE6A-4F20-8A0D-3B1A09A594E9}.Release|Any CPU.Build.0 = Release|Any CPU
		{F6E4D11B-8454-4ED4-AEDD-0F08AE519069}.Debug|Any CPU.ActiveCfg = Debug|Any CPU
		{F6E4D11B-8454-4ED4-AEDD-0F08AE519069}.Debug|Any CPU.Build.0 = Debug|Any CPU
		{F6E4D11B-8454-4ED4-AEDD-0F08AE519069}.Release|Any CPU.ActiveCfg = Release|Any CPU
		{F6E4D11B-8454-4ED4-AEDD-0F08AE519069}.Release|Any CPU.Build.0 = Release|Any CPU
		{02A2342B-9319-4B9B-A9AC-2AA7DCF533CB}.Debug|Any CPU.ActiveCfg = Debug|Any CPU
		{02A2342B-9319-4B9B-A9AC-2AA7DCF533CB}.Debug|Any CPU.Build.0 = Debug|Any CPU
		{02A2342B-9319-4B9B-A9AC-2AA7DCF533CB}.Release|Any CPU.ActiveCfg = Release|Any CPU
		{02A2342B-9319-4B9B-A9AC-2AA7DCF533CB}.Release|Any CPU.Build.0 = Release|Any CPU
		{08D2C5AE-DB74-4D66-A16E-80BD33366145}.Debug|Any CPU.ActiveCfg = Debug|Any CPU
		{08D2C5AE-DB74-4D66-A16E-80BD33366145}.Debug|Any CPU.Build.0 = Debug|Any CPU
		{08D2C5AE-DB74-4D66-A16E-80BD33366145}.Release|Any CPU.ActiveCfg = Release|Any CPU
		{08D2C5AE-DB74-4D66-A16E-80BD33366145}.Release|Any CPU.Build.0 = Release|Any CPU
		{762399A9-774B-4780-9577-BFF8C79BA396}.Debug|Any CPU.ActiveCfg = Debug|Any CPU
		{762399A9-774B-4780-9577-BFF8C79BA396}.Debug|Any CPU.Build.0 = Debug|Any CPU
		{762399A9-774B-4780-9577-BFF8C79BA396}.Release|Any CPU.ActiveCfg = Release|Any CPU
		{762399A9-774B-4780-9577-BFF8C79BA396}.Release|Any CPU.Build.0 = Release|Any CPU
	EndGlobalSection
	GlobalSection(SolutionProperties) = preSolution
		HideSolutionNode = FALSE
	EndGlobalSection
	GlobalSection(NestedProjects) = preSolution
		{7F8D5E72-5812-47C0-AE92-9A99243231AB} = {5F498883-F84B-42B9-96FA-FD5E85464D13}
		{665D199E-CE6A-4F20-8A0D-3B1A09A594E9} = {5F498883-F84B-42B9-96FA-FD5E85464D13}
		{02A2342B-9319-4B9B-A9AC-2AA7DCF533CB} = {58E14221-EC55-4030-B96F-EDE9BCA157CC}
		{08D2C5AE-DB74-4D66-A16E-80BD33366145} = {D9081C72-50B0-41D0-8919-471F509FA07A}
		{762399A9-774B-4780-9577-BFF8C79BA396} = {D9081C72-50B0-41D0-8919-471F509FA07A}
	EndGlobalSection
	GlobalSection(ExtensibilityGlobals) = postSolution
		SolutionGuid = {B9E38D22-FBE9-42F7-A1B0-99BF5FF236D8}
	EndGlobalSection
EndGlobal
